
Microsoft Visual Studio Solution File, Format Version 12.00
# Visual Studio 15
Project("{D954291E-2A0B-460D-934E-DC6B0785DB48}") = "MonkeysSDK.Shared", "MonkeysSDK.Shared\MonkeysSDK.Shared.shproj", "{574F00B8-3EDD-4303-B29A-70675A8CDBD1}"
EndProject
Project("{FAE04EC0-301F-11D3-BF4B-00C04F79EFBC}") = "MonkeysSDK.iOS", "MonkeysSDK.iOS\MonkeysSDK.iOS.csproj", "{83D74ED1-1770-40B9-A238-27D04305E132}"
EndProject
Project("{FAE04EC0-301F-11D3-BF4B-00C04F79EFBC}") = "MonkeysSDK.Android", "MonkeysSDK.Android\MonkeysSDK.Android.csproj", "{9A505CF9-2EAB-4F1E-B70A-D22FA9E88067}"
EndProject
Project("{5DD5E4FA-CB73-4610-85AB-557B54E96AA9}") = "MonkeysSDK.NuGet", "MonkeysSDK.NuGet\MonkeysSDK.NuGet.nuproj", "{0F8F4F69-013A-4B7D-A8D9-59BCEA2C8364}"
EndProject
Global
	GlobalSection(SolutionConfigurationPlatforms) = preSolution
		Debug|Any CPU = Debug|Any CPU
		Release|Any CPU = Release|Any CPU
	EndGlobalSection
	GlobalSection(ProjectConfigurationPlatforms) = postSolution
		{83D74ED1-1770-40B9-A238-27D04305E132}.Debug|Any CPU.ActiveCfg = Debug|Any CPU
		{83D74ED1-1770-40B9-A238-27D04305E132}.Debug|Any CPU.Build.0 = Debug|Any CPU
		{83D74ED1-1770-40B9-A238-27D04305E132}.Release|Any CPU.ActiveCfg = Release|Any CPU
		{83D74ED1-1770-40B9-A238-27D04305E132}.Release|Any CPU.Build.0 = Release|Any CPU
		{9A505CF9-2EAB-4F1E-B70A-D22FA9E88067}.Debug|Any CPU.ActiveCfg = Debug|Any CPU
		{9A505CF9-2EAB-4F1E-B70A-D22FA9E88067}.Debug|Any CPU.Build.0 = Debug|Any CPU
		{9A505CF9-2EAB-4F1E-B70A-D22FA9E88067}.Release|Any CPU.ActiveCfg = Release|Any CPU
		{9A505CF9-2EAB-4F1E-B70A-D22FA9E88067}.Release|Any CPU.Build.0 = Release|Any CPU
		{0F8F4F69-013A-4B7D-A8D9-59BCEA2C8364}.Debug|Any CPU.ActiveCfg = Debug|Any CPU
		{0F8F4F69-013A-4B7D-A8D9-59BCEA2C8364}.Debug|Any CPU.Build.0 = Debug|Any CPU
		{0F8F4F69-013A-4B7D-A8D9-59BCEA2C8364}.Release|Any CPU.ActiveCfg = Release|Any CPU
		{0F8F4F69-013A-4B7D-A8D9-59BCEA2C8364}.Release|Any CPU.Build.0 = Release|Any CPU
	EndGlobalSection
EndGlobal
